version = 1
revision = 2
requires-python = ">=3.12"

[[package]]
name = "pact-dsl-generators"
version = "0.1.0"
source = { virtual = "." }
dependencies = [
    { name = "tree-sitter" },
    { name = "tree-sitter-c-sharp" },
    { name = "tree-sitter-go" },
    { name = "tree-sitter-java" },
    { name = "tree-sitter-kotlin" },
    { name = "tree-sitter-php" },
    { name = "tree-sitter-python" },
    { name = "tree-sitter-swift" },
    { name = "tree-sitter-typescript" },
]

[package.metadata]
requires-dist = [
    { name = "tree-sitter", specifier = ">=0.23" },
    { name = "tree-sitter-c-sharp", specifier = ">=0.23" },
    { name = "tree-sitter-go", specifier = ">=0.23" },
    { name = "tree-sitter-java", specifier = ">=0.23" },
    { name = "tree-sitter-kotlin", specifier = ">=0.23" },
    { name = "tree-sitter-php", specifier = ">=0.23" },
    { name = "tree-sitter-python", specifier = ">=0.23" },
    { name = "tree-sitter-swift" },
    { name = "tree-sitter-typescript", specifier = ">=0.23" },
]

[[package]]
name = "tree-sitter"
version = "0.25.2"
source = { registry = "https://pypi.org/simple" }
sdist = { url = "https://files.pythonhosted.org/packages/66/7c/0350cfc47faadc0d3cf7d8237a4e34032b3014ddf4a12ded9933e1648b55/tree-sitter-0.25.2.tar.gz", hash = "sha256:fe43c158555da46723b28b52e058ad444195afd1db3ca7720c59a254544e9c20", size = 177961, upload-time = "2025-09-25T17:37:59.751Z" }
wheels = [
    { url = "https://files.pythonhosted.org/packages/3c/9e/20c2a00a862f1c2897a436b17edb774e831b22218083b459d0d081c9db33/tree_sitter-0.25.2-cp312-cp312-macosx_10_13_x86_64.whl", hash = "sha256:ddabfff809ffc983fc9963455ba1cecc90295803e06e140a4c83e94c1fa3d960", size = 146941, upload-time = "2025-09-25T17:37:34.813Z" },
    { url = "https://files.pythonhosted.org/packages/ef/04/8512e2062e652a1016e840ce36ba1cc33258b0dcc4e500d8089b4054afec/tree_sitter-0.25.2-cp312-cp312-macosx_11_0_arm64.whl", hash = "sha256:c0c0ab5f94938a23fe81928a21cc0fac44143133ccc4eb7eeb1b92f84748331c", size = 137699, upload-time = "2025-09-25T17:37:36.349Z" },
    { url = "https://files.pythonhosted.org/packages/47/8a/d48c0414db19307b0fb3bb10d76a3a0cbe275bb293f145ee7fba2abd668e/tree_sitter-0.25.2-cp312-cp312-manylinux2014_aarch64.manylinux_2_17_aarch64.manylinux_2_28_aarch64.whl", hash = "sha256:dd12d80d91d4114ca097626eb82714618dcdfacd6a5e0955216c6485c350ef99", size = 607125, upload-time = "2025-09-25T17:37:37.725Z" },
    { url = "https://files.pythonhosted.org/packages/39/d1/b95f545e9fc5001b8a78636ef942a4e4e536580caa6a99e73dd0a02e87aa/tree_sitter-0.25.2-cp312-cp312-manylinux2014_x86_64.manylinux_2_17_x86_64.manylinux_2_28_x86_64.whl", hash = "sha256:b43a9e4c89d4d0839de27cd4d6902d33396de700e9ff4c5ab7631f277a85ead9", size = 635418, upload-time = "2025-09-25T17:37:38.922Z" },
    { url = "https://files.pythonhosted.org/packages/de/4d/b734bde3fb6f3513a010fa91f1f2875442cdc0382d6a949005cd84563d8f/tree_sitter-0.25.2-cp312-cp312-musllinux_1_2_x86_64.whl", hash = "sha256:fbb1706407c0e451c4f8cc016fec27d72d4b211fdd3173320b1ada7a6c74c3ac", size = 631250, upload-time = "2025-09-25T17:37:40.039Z" },
    { url = "https://files.pythonhosted.org/packages/46/f2/5f654994f36d10c64d50a192239599fcae46677491c8dd53e7579c35a3e3/tree_sitter-0.25.2-cp312-cp312-win_amd64.whl", hash = "sha256:6d0302550bbe4620a5dc7649517c4409d74ef18558276ce758419cf09e578897", size = 127156, upload-time = "2025-09-25T17:37:41.132Z" },
    { url = "https://files.pythonhosted.org/packages/67/23/148c468d410efcf0a9535272d81c258d840c27b34781d625f1f627e2e27d/tree_sitter-0.25.2-cp312-cp312-win_arm64.whl", hash = "sha256:0c8b6682cac77e37cfe5cf7ec388844957f48b7bd8d6321d0ca2d852994e10d5", size = 113984, upload-time = "2025-09-25T17:37:42.074Z" },
    { url = "https://files.pythonhosted.org/packages/8c/67/67492014ce32729b63d7ef318a19f9cfedd855d677de5773476caf771e96/tree_sitter-0.25.2-cp313-cp313-macosx_10_13_x86_64.whl", hash = "sha256:0628671f0de69bb279558ef6b640bcfc97864fe0026d840f872728a86cd6b6cd", size = 146926, upload-time = "2025-09-25T17:37:43.041Z" },
    { url = "https://files.pythonhosted.org/packages/4e/9c/a278b15e6b263e86c5e301c82a60923fa7c59d44f78d7a110a89a413e640/tree_sitter-0.25.2-cp313-cp313-macosx_11_0_arm64.whl", hash = "sha256:f5ddcd3e291a749b62521f71fc953f66f5fd9743973fd6dd962b092773569601", size = 137712, upload-time = "2025-09-25T17:37:44.039Z" },
    { url = "https://files.pythonhosted.org/packages/54/9a/423bba15d2bf6473ba67846ba5244b988cd97a4b1ea2b146822162256794/tree_sitter-0.25.2-cp313-cp313-manylinux2014_aarch64.manylinux_2_17_aarch64.manylinux_2_28_aarch64.whl", hash = "sha256:bd88fbb0f6c3a0f28f0a68d72df88e9755cf5215bae146f5a1bdc8362b772053", size = 607873, upload-time = "2025-09-25T17:37:45.477Z" },
    { url = "https://files.pythonhosted.org/packages/ed/4c/b430d2cb43f8badfb3a3fa9d6cd7c8247698187b5674008c9d67b2a90c8e/tree_sitter-0.25.2-cp313-cp313-manylinux2014_x86_64.manylinux_2_17_x86_64.manylinux_2_28_x86_64.whl", hash = "sha256:b878e296e63661c8e124177cc3084b041ba3f5936b43076d57c487822426f614", size = 636313, upload-time = "2025-09-25T17:37:46.68Z" },
    { url = "https://files.pythonhosted.org/packages/9d/27/5f97098dbba807331d666a0997662e82d066e84b17d92efab575d283822f/tree_sitter-0.25.2-cp313-cp313-musllinux_1_2_x86_64.whl", hash = "sha256:d77605e0d353ba3fe5627e5490f0fbfe44141bafa4478d88ef7954a61a848dae", size = 631370, upload-time = "2025-09-25T17:37:47.993Z" },
    { url = "https://files.pythonhosted.org/packages/d4/3c/87caaed663fabc35e18dc704cd0e9800a0ee2f22bd18b9cbe7c10799895d/tree_sitter-0.25.2-cp313-cp313-win_amd64.whl", hash = "sha256:463c032bd02052d934daa5f45d183e0521ceb783c2548501cf034b0beba92c9b", size = 127157, upload-time = "2025-09-25T17:37:48.967Z" },
    { url = "https://files.pythonhosted.org/packages/d5/23/f8467b408b7988aff4ea40946a4bd1a2c1a73d17156a9d039bbaff1e2ceb/tree_sitter-0.25.2-cp313-cp313-win_arm64.whl", hash = "sha256:b3f63a1796886249bd22c559a5944d64d05d43f2be72961624278eff0dcc5cb8", size = 113975, upload-time = "2025-09-25T17:37:49.922Z" },
    { url = "https://files.pythonhosted.org/packages/07/e3/d9526ba71dfbbe4eba5e51d89432b4b333a49a1e70712aa5590cd22fc74f/tree_sitter-0.25.2-cp314-cp314-macosx_10_13_x86_64.whl", hash = "sha256:65d3c931013ea798b502782acab986bbf47ba2c452610ab0776cf4a8ef150fc0", size = 146776, upload-time = "2025-09-25T17:37:50.898Z" },
    { url = "https://files.pythonhosted.org/packages/42/97/4bd4ad97f85a23011dd8a535534bb1035c4e0bac1234d58f438e15cff51f/tree_sitter-0.25.2-cp314-cp314-macosx_11_0_arm64.whl", hash = "sha256:bda059af9d621918efb813b22fb06b3fe00c3e94079c6143fcb2c565eb44cb87", size = 137732, upload-time = "2025-09-25T17:37:51.877Z" },
    { url = "https://files.pythonhosted.org/packages/b6/19/1e968aa0b1b567988ed522f836498a6a9529a74aab15f09dd9ac1e41f505/tree_sitter-0.25.2-cp314-cp314-manylinux2014_aarch64.manylinux_2_17_aarch64.manylinux_2_28_aarch64.whl", hash = "sha256:eac4e8e4c7060c75f395feec46421eb61212cb73998dbe004b7384724f3682ab", size = 609456, upload-time = "2025-09-25T17:37:52.925Z" },
    { url = "https://files.pythonhosted.org/packages/48/b6/cf08f4f20f4c9094006ef8828555484e842fc468827ad6e56011ab668dbd/tree_sitter-0.25.2-cp314-cp314-manylinux2014_x86_64.manylinux_2_17_x86_64.manylinux_2_28_x86_64.whl", hash = "sha256:260586381b23be33b6191a07cea3d44ecbd6c01aa4c6b027a0439145fcbc3358", size = 636772, upload-time = "2025-09-25T17:37:54.647Z" },
    { url = "https://files.pythonhosted.org/packages/57/e2/d42d55bf56360987c32bc7b16adb06744e425670b823fb8a5786a1cea991/tree_sitter-0.25.2-cp314-cp314-musllinux_1_2_x86_64.whl", hash = "sha256:7d2ee1acbacebe50ba0f85fff1bc05e65d877958f00880f49f9b2af38dce1af0", size = 631522, upload-time = "2025-09-25T17:37:55.833Z" },
    { url = "https://files.pythonhosted.org/packages/03/87/af9604ebe275a9345d88c3ace0cf2a1341aa3f8ef49dd9fc11662132df8a/tree_sitter-0.25.2-cp314-cp314-win_amd64.whl", hash = "sha256:4973b718fcadfb04e59e746abfbb0288694159c6aeecd2add59320c03368c721", size = 130864, upload-time = "2025-09-25T17:37:57.453Z" },
    { url = "https://files.pythonhosted.org/packages/a6/6e/e64621037357acb83d912276ffd30a859ef117f9c680f2e3cb955f47c680/tree_sitter-0.25.2-cp314-cp314-win_arm64.whl", hash = "sha256:b8d4429954a3beb3e844e2872610d2a4800ba4eb42bb1990c6a4b1949b18459f", size = 117470, upload-time = "2025-09-25T17:37:58.431Z" },
]

[[package]]
name = "tree-sitter-c-sharp"
version = "0.23.5"
source = { registry = "https://pypi.org/simple" }
sdist = { url = "https://files.pythonhosted.org/packages/9f/fb/7e2962bc1901daf264e7ce263b168e0139304a5f8f66c9b2baf20e550f87/tree_sitter_c_sharp-0.23.5.tar.gz", hash = "sha256:2635c7d5ec93e59f2e831b571bed99c4cc68a5d183a0994020aa769e1b990a71", size = 1147914, upload-time = "2026-04-14T16:11:22.441Z" }
wheels = [
    { url = "https://files.pythonhosted.org/packages/ec/c4/86d8d469400a856757a464a6ac01af97d8cdacbb595e62bdb98bf1e9db90/tree_sitter_c_sharp-0.23.5-cp310-abi3-macosx_10_9_x86_64.whl", hash = "sha256:61e1981cf21b09ee547b9c4c68e64fb4394325f8fc8d5f6d50d41471eba923ea", size = 333658, upload-time = "2026-04-14T16:11:11.288Z" },
    { url = "https://files.pythonhosted.org/packages/c8/13/593c8603f834eaf15082b81e079289fc9f062b4c0ab5b9489134084eec06/tree_sitter_c_sharp-0.23.5-cp310-abi3-macosx_11_0_arm64.whl", hash = "sha256:a75994a11f6fed3f5b8c36ad6a00e5dc43205bd912c43af3a2a54fdf649664eb", size = 376296, upload-time = "2026-04-14T16:11:12.972Z" },
    { url = "https://files.pythonhosted.org/packages/41/5a/a8855cbb5bbab28adb29c2c7f0e7be5a9f1d21450c13b3c3e613190d9b8c/tree_sitter_c_sharp-0.23.5-cp310-abi3-manylinux1_x86_64.manylinux_2_28_x86_64.manylinux_2_5_x86_64.whl", hash = "sha256:aa88a780204cd153c4c1ae2d59c654cee1402212fa0d069823d6d34301587438", size = 358333, upload-time = "2026-04-14T16:11:14.214Z" },
    { url = "https://files.pythonhosted.org/packages/0a/c8/e0f391e343f5424d0627e3b6886c77baeb1249a3f10986be00b0b64ecdab/tree_sitter_c_sharp-0.23.5-cp310-abi3-manylinux2014_aarch64.manylinux_2_17_aarch64.manylinux_2_28_aarch64.whl", hash = "sha256:3ea38fb095d85d360dc5a0bec2fa605e496228876f798c9e089d5f0e72bcef46", size = 359448, upload-time = "2026-04-14T16:11:15.419Z" },
    { url = "https://files.pythonhosted.org/packages/6f/fc/10f807ac79f928241c5e0d827fdaf91e97dfba662fc7e07d7bd664140ec1/tree_sitter_c_sharp-0.23.5-cp310-abi3-musllinux_1_2_aarch64.whl", hash = "sha256:05a9256415e7f24d4f133133794a9c224c60d19f677a04e2f6a94c25090b6d65", size = 358144, upload-time = "2026-04-14T16:11:17.087Z" },
    { url = "https://files.pythonhosted.org/packages/de/2a/6c3e12ef0cf09138717fcc02e1de8b76a3928d1bed65c7e3c2bd3172bcef/tree_sitter_c_sharp-0.23.5-cp310-abi3-musllinux_1_2_x86_64.whl", hash = "sha256:8636dc70b5a373c35c1036ed5de98e801f2e4d105ae41e2e20b6804c36e3bf33", size = 357525, upload-time = "2026-04-14T16:11:18.214Z" },
    { url = "https://files.pythonhosted.org/packages/2b/e0/bd287b092d611df95a9149117fd27b5947ce75527113d6898a4b4e2c8858/tree_sitter_c_sharp-0.23.5-cp310-abi3-win_amd64.whl", hash = "sha256:41a28cfa3d9ea50f5629e44550a03188c8fbd5079803dfc03554b6fd594b33fa", size = 338756, upload-time = "2026-04-14T16:11:19.661Z" },
    { url = "https://files.pythonhosted.org/packages/7f/fb/114ff43fdd256d0befed32f77c1dadee9517867181c70794571f718ed05c/tree_sitter_c_sharp-0.23.5-cp310-abi3-win_arm64.whl", hash = "sha256:2de4ebf95ddc2e92cd3105c8a8e0e7ec646bc82f52bfaf2f3acec0fa2401ec09", size = 337260, upload-time = "2026-04-14T16:11:20.849Z" },
]

[[package]]
name = "tree-sitter-go"
version = "0.25.0"
source = { registry = "https://pypi.org/simple" }
sdist = { url = "https://files.pythonhosted.org/packages/01/05/727308adbbc79bcb1c92fc0ea10556a735f9d0f0a5435a18f59d40f7fd77/tree_sitter_go-0.25.0.tar.gz", hash = "sha256:a7466e9b8d94dda94cae8d91629f26edb2d26166fd454d4831c3bf6dfa2e8d68", size = 93890, upload-time = "2025-08-29T06:20:25.044Z" }
wheels = [
    { url = "https://files.pythonhosted.org/packages/ca/aa/0984707acc2b9bb461fe4a41e7e0fc5b2b1e245c32820f0c83b3c602957c/tree_sitter_go-0.25.0-cp310-abi3-macosx_10_9_x86_64.whl", hash = "sha256:b852993063a3429a443e7bd0aa376dd7dd329d595819fabf56ac4cf9d7257b54", size = 47117, upload-time = "2025-08-29T06:20:14.286Z" },
    { url = "https://files.pythonhosted.org/packages/32/16/dd4cb124b35e99239ab3624225da07d4cb8da4d8564ed81d03fcb3a6ba9f/tree_sitter_go-0.25.0-cp310-abi3-macosx_11_0_arm64.whl", hash = "sha256:503b81a2b4c31e302869a1de3a352ad0912ccab3df9ac9950197b0a9ceeabd8f", size = 48674, upload-time = "2025-08-29T06:20:17.557Z" },
    { url = "https://files.pythonhosted.org/packages/86/fb/b30d63a08044115d8b8bd196c6c2ab4325fb8db5757249a4ef0563966e2e/tree_sitter_go-0.25.0-cp310-abi3-manylinux1_x86_64.manylinux_2_28_x86_64.manylinux_2_5_x86_64.whl", hash = "sha256:04b3b3cb4aff18e74e28d49b716c6f24cb71ddfdd66768987e26e4d0fa812f74", size = 66418, upload-time = "2025-08-29T06:20:18.345Z" },
    { url = "https://files.pythonhosted.org/packages/26/21/d3d88a30ad007419b2c97b3baeeef7431407faf9f686195b6f1cad0aedf9/tree_sitter_go-0.25.0-cp310-abi3-manylinux2014_aarch64.manylinux_2_17_aarch64.manylinux_2_28_aarch64.whl", hash = "sha256:148255aca2f54b90d48c48a9dbb4c7faad6cad310a980b2c5a5a9822057ed145", size = 72006, upload-time = "2025-08-29T06:20:19.14Z" },
    { url = "https://files.pythonhosted.org/packages/cd/d0/0dd6442353ced8a88bbda9e546f4ea29e381b59b5a40b122e5abb586bb6c/tree_sitter_go-0.25.0-cp310-abi3-musllinux_1_2_aarch64.whl", hash = "sha256:4d338116cdf8a6c6ff990d2441929b41323ef17c710407abe0993c13417d6aad", size = 70603, upload-time = "2025-08-29T06:20:21.544Z" },
    { url = "https://files.pythonhosted.org/packages/01/e2/ee5e09f63504fc286539535d374d2eaa0e7d489b80f8f744bb3962aff22a/tree_sitter_go-0.25.0-cp310-abi3-musllinux_1_2_x86_64.whl", hash = "sha256:5608e089d2a29fa8d2b327abeb2ad1cdb8e223c440a6b0ceab0d3fa80bdeebae", size = 66088, upload-time = "2025-08-29T06:20:22.336Z" },
    { url = "https://files.pythonhosted.org/packages/6e/b6/d9142583374720e79aca9ccb394b3795149a54c012e1dfd80738df2d984e/tree_sitter_go-0.25.0-cp310-abi3-win_amd64.whl", hash = "sha256:30d4ada57a223dfc2c32d942f44d284d40f3d1215ddcf108f96807fd36d53022", size = 48152, upload-time = "2025-08-29T06:20:23.089Z" },
    { url = "https://files.pythonhosted.org/packages/9e/00/9a2638e7339236f5b01622952a4d71c1474dd3783d1982a89555fc1f03b1/tree_sitter_go-0.25.0-cp310-abi3-win_arm64.whl", hash = "sha256:d5d62362059bf79997340773d47cc7e7e002883b527a05cca829c46e40b70ded", size = 46752, upload-time = "2025-08-29T06:20:24.235Z" },
]

[[package]]
name = "tree-sitter-java"
version = "0.23.5"
source = { registry = "https://pypi.org/simple" }
sdist = { url = "https://files.pythonhosted.org/packages/fa/dc/eb9c8f96304e5d8ae1663126d89967a622a80937ad2909903569ccb7ec8f/tree_sitter_java-0.23.5.tar.gz", hash = "sha256:f5cd57b8f1270a7f0438878750d02ccc79421d45cca65ff284f1527e9ef02e38", size = 138121, upload-time = "2024-12-21T18:24:26.936Z" }
wheels = [
    { url = "https://files.pythonhosted.org/packages/67/21/b3399780b440e1567a11d384d0ebb1aea9b642d0d98becf30fa55c0e3a3b/tree_sitter_java-0.23.5-cp39-abi3-macosx_10_9_x86_64.whl", hash = "sha256:355ce0308672d6f7013ec913dee4a0613666f4cda9044a7824240d17f38209df", size = 58926, upload-time = "2024-12-21T18:24:12.53Z" },
    { url = "https://files.pythonhosted.org/packages/57/ef/6406b444e2a93bc72a04e802f4107e9ecf04b8de4a5528830726d210599c/tree_sitter_java-0.23.5-cp39-abi3-macosx_11_0_arm64.whl", hash = "sha256:24acd59c4720dedad80d548fe4237e43ef2b7a4e94c8549b0ca6e4c4d7bf6e69", size = 62288, upload-time = "2024-12-21T18:24:14.634Z" },
    { url = "https://files.pythonhosted.org/packages/4e/6c/74b1c150d4f69c291ab0b78d5dd1b59712559bbe7e7daf6d8466d483463f/tree_sitter_java-0.23.5-cp39-abi3-manylinux_2_17_aarch64.manylinux2014_aarch64.whl", hash = "sha256:9401e7271f0b333df39fc8a8336a0caf1b891d9a2b89ddee99fae66b794fc5b7", size = 85533, upload-time = "2024-12-21T18:24:16.695Z" },
    { url = "https://files.pythonhosted.org/packages/29/09/e0d08f5c212062fd046db35c1015a2621c2631bc8b4aae5740d7adb276ad/tree_sitter_java-0.23.5-cp39-abi3-manylinux_2_5_x86_64.manylinux1_x86_64.manylinux_2_17_x86_64.manylinux2014_x86_64.whl", hash = "sha256:370b204b9500b847f6d0c5ad584045831cee69e9a3e4d878535d39e4a7e4c4f1", size = 84033, upload-time = "2024-12-21T18:24:18.758Z" },
    { url = "https://files.pythonhosted.org/packages/43/56/7d06b23ddd09bde816a131aa504ee11a1bbe87c6b62ab9b2ed23849a3382/tree_sitter_java-0.23.5-cp39-abi3-musllinux_1_2_x86_64.whl", hash = "sha256:aae84449e330363b55b14a2af0585e4e0dae75eb64ea509b7e5b0e1de536846a", size = 82564, upload-time = "2024-12-21T18:24:20.493Z" },
    { url = "https://files.pythonhosted.org/packages/da/d6/0528c7e1e88a18221dbd8ccee3825bf274b1fa300f745fd74eb343878043/tree_sitter_java-0.23.5-cp39-abi3-win_amd64.whl", hash = "sha256:1ee45e790f8d31d416bc84a09dac2e2c6bc343e89b8a2e1d550513498eedfde7", size = 60650, upload-time = "2024-12-21T18:24:22.902Z" },
    { url = "https://files.pythonhosted.org/packages/72/57/5bab54d23179350356515526fff3cc0f3ac23bfbc1a1d518a15978d4880e/tree_sitter_java-0.23.5-cp39-abi3-win_arm64.whl", hash = "sha256:402efe136104c5603b429dc26c7e75ae14faaca54cfd319ecc41c8f2534750f4", size = 59059, upload-time = "2024-12-21T18:24:24.934Z" },
]

[[package]]
name = "tree-sitter-kotlin"
version = "1.1.0"
source = { registry = "https://pypi.org/simple" }
sdist = { url = "https://files.pythonhosted.org/packages/58/bb/bdab3665eeca21246130eec79c76e42456cfa72d59606266ecdbf37f9a96/tree_sitter_kotlin-1.1.0.tar.gz", hash = "sha256:322a35bdae75e25ae64dae6027be609c5422fab282084117816c4ebcda6168da", size = 1095728, upload-time = "2025-01-09T19:02:18.492Z" }
wheels = [
    { url = "https://files.pythonhosted.org/packages/2c/a5/ce5a2ba7b97db8d90c89516674f5c46e2d41503e00dd743ba7aad4661097/tree_sitter_kotlin-1.1.0-cp39-abi3-macosx_10_9_x86_64.whl", hash = "sha256:6cca5ef06d090e8494ac1d9f0aac71ed32207d412766b5df7da00d94334181a2", size = 312883, upload-time = "2025-01-09T19:02:02.931Z" },
    { url = "https://files.pythonhosted.org/packages/7d/20/66105b6e94d062440955d374e64d030c3173cf4f592f6a6a3c426b3c94d0/tree_sitter_kotlin-1.1.0-cp39-abi3-macosx_11_0_arm64.whl", hash = "sha256:910b41a580dae00d319e555075f3886a41386d1067931b14c7de504eeae3ae2a", size = 337016, upload-time = "2025-01-09T19:02:04.174Z" },
    { url = "https://files.pythonhosted.org/packages/f7/4c/e1ef38fe412fa9851403fc75a653f2b69bbe1e11e2e7faf219631ebe7e4a/tree_sitter_kotlin-1.1.0-cp39-abi3-manylinux_2_17_aarch64.manylinux2014_aarch64.whl", hash = "sha256:906e5444ebb01db439cb3ad65913598a4ea957b0e068aa973265926a17eb00e0", size = 359927, upload-time = "2025-01-09T19:02:06.312Z" },
    { url = "https://files.pythonhosted.org/packages/65/bd/0f3aac45eb88b6b3173ac9c23bc41d8865943cbbe1caaafc001cd1b73c90/tree_sitter_kotlin-1.1.0-cp39-abi3-manylinux_2_5_x86_64.manylinux1_x86_64.manylinux_2_17_x86_64.manylinux2014_x86_64.whl", hash = "sha256:9a92afe24b634cf914c5812af0f5c53184b1c18bdf6ee5505c83afac81f6bf6c", size = 339269, upload-time = "2025-01-09T19:02:08.644Z" },
    { url = "https://files.pythonhosted.org/packages/08/dc/4944abf3a8bc630262e93e0857bd7044d521995c1f6af50650e4fe1fdde0/tree_sitter_kotlin-1.1.0-cp39-abi3-musllinux_1_2_x86_64.whl", hash = "sha256:5960034a5c5bcc7ccb21dc7a29e4267ac4f0ef37884f39d75695eac7f004deff", size = 328921, upload-time = "2025-01-09T19:02:10.346Z" },
    { url = "https://files.pythonhosted.org/packages/24/c9/5cca0a44db41224f7f10992450af17ff432c1a336852efb312246d5705e5/tree_sitter_kotlin-1.1.0-cp39-abi3-win_amd64.whl", hash = "sha256:d4d3f330f515ba8b91da04a5335eb9ff3ce071c7b7855958912f2560f6e14976", size = 315933, upload-time = "2025-01-09T19:02:12.637Z" },
    { url = "https://files.pythonhosted.org/packages/fb/b9/12fa97f63d2b7517c6f5d16938f0c5bfe84d925c652c75ff1c5e29bf6a44/tree_sitter_kotlin-1.1.0-cp39-abi3-win_arm64.whl", hash = "sha256:e030f127a7d07952907adb9070248bd42fb86dc76fd92744727551b50e131ee7", size = 310414, upload-time = "2025-01-09T19:02:16.23Z" },
]

[[package]]
name = "tree-sitter-php"
version = "0.24.1"
source = { registry = "https://pypi.org/simple" }
wheels = [
    { url = "https://files.pythonhosted.org/packages/a4/c8/1a499038cb4036bea1d560ffbc807a6fb940261aa22296bd49a62ed8bcba/tree_sitter_php-0.24.1-cp310-abi3-macosx_10_9_x86_64.whl", hash = "sha256:d56e2dcf025450f84a2cdbf4b18a09e6cb88b92e9e6858e63de3d4133ab2e43e", size = 219550, upload-time = "2025-08-16T22:14:30.212Z" },
    { url = "https://files.pythonhosted.org/packages/ab/5e/b52f2599acb29f6899470f7137d3d491c752b88df3950fb7408aea57ddca/tree_sitter_php-0.24.1-cp310-abi3-macosx_11_0_arm64.whl", hash = "sha256:29759c67d4c27a68c227ed82c0b7e4699617b1bd23757d50c081f81a12b4f80d", size = 229632, upload-time = "2025-08-16T22:14:31.85Z" },
    { url = "https://files.pythonhosted.org/packages/6b/58/ca290da45380bd6ba7c6b0b98cc5fc30325c32c7f14f0c93196a451b19c4/tree_sitter_php-0.24.1-cp310-abi3-manylinux2014_aarch64.manylinux_2_17_aarch64.manylinux_2_28_aarch64.whl", hash = "sha256:94b89832ac09f078eed2acd88598838bc51012224cbcebb916dbb6a37e74357e", size = 325351, upload-time = "2025-08-16T22:14:33Z" },
    { url = "https://files.pythonhosted.org/packages/9a/c6/fd863a7a779d0ab67688939eba0e08bff7b1ffe731288d3d3610df21217b/tree_sitter_php-0.24.1-cp310-abi3-manylinux2014_x86_64.manylinux_2_17_x86_64.manylinux_2_28_x86_64.whl", hash = "sha256:7a1404a30f2972498ace040b0029738b8dac45d0a12932ccb8b605eb94bafbe4", size = 313021, upload-time = "2025-08-16T22:14:34.394Z" },
    { url = "https://files.pythonhosted.org/packages/48/ed/aace12f30c4f5474a9ad0e9da85c060174e3764342c9860974bb0feb02fc/tree_sitter_php-0.24.1-cp310-abi3-musllinux_1_2_x86_64.whl", hash = "sha256:3e96f61462a960c78e5389c7ba6c16c25e66b465c763b8e63ad66423326c2fa7", size = 305905, upload-time = "2025-08-16T22:14:35.846Z" },
    { url = "https://files.pythonhosted.org/packages/4e/c4/6c690c33b1ae9cae9505c0a2896f046fda174d72c46bdafce6aab3b2f2e7/tree_sitter_php-0.24.1-cp310-abi3-win_amd64.whl", hash = "sha256:1a1b65b72a8410d421f914ee13d38fd546a94d01cb834f69b27c78ba7589a5b5", size = 208014, upload-time = "2025-08-16T22:14:37.206Z" },
    { url = "https://files.pythonhosted.org/packages/7b/69/54c670d725c092b89e76ca6984582b6a768b128ac1859ed48141b124da1d/tree_sitter_php-0.24.1-cp310-abi3-win_arm64.whl", hash = "sha256:56a70c5ef1bddb15f220a479b2f2edf3042c764b6c443921fbd7ca9174d664e3", size = 206033, upload-time = "2025-08-16T22:14:38.632Z" },
]

[[package]]
name = "tree-sitter-python"
version = "0.25.0"
source = { registry = "https://pypi.org/simple" }
sdist = { url = "https://files.pythonhosted.org/packages/b8/8b/c992ff0e768cb6768d5c96234579bf8842b3a633db641455d86dd30d5dac/tree_sitter_python-0.25.0.tar.gz", hash = "sha256:b13e090f725f5b9c86aa455a268553c65cadf325471ad5b65cd29cac8a1a68ac", size = 159845, upload-time = "2025-09-11T06:47:58.159Z" }
wheels = [
    { url = "https://files.pythonhosted.org/packages/cf/64/a4e503c78a4eb3ac46d8e72a29c1b1237fa85238d8e972b063e0751f5a94/tree_sitter_python-0.25.0-cp310-abi3-macosx_10_9_x86_64.whl", hash = "sha256:14a79a47ddef72f987d5a2c122d148a812169d7484ff5c75a3db9609d419f361", size = 73790, upload-time = "2025-09-11T06:47:47.652Z" },
    { url = "https://files.pythonhosted.org/packages/e6/1d/60d8c2a0cc63d6ec4ba4e99ce61b802d2e39ef9db799bdf2a8f932a6cd4b/tree_sitter_python-0.25.0-cp310-abi3-macosx_11_0_arm64.whl", hash = "sha256:480c21dbd995b7fe44813e741d71fed10ba695e7caab627fb034e3828469d762", size = 76691, upload-time = "2025-09-11T06:47:49.038Z" },
    { url = "https://files.pythonhosted.org/packages/aa/cb/d9b0b67d037922d60cbe0359e0c86457c2da721bc714381a63e2c8e35eba/tree_sitter_python-0.25.0-cp310-abi3-manylinux1_x86_64.manylinux_2_28_x86_64.manylinux_2_5_x86_64.whl", hash = "sha256:86f118e5eecad616ecdb81d171a36dde9bef5a0b21ed71ea9c3e390813c3baf5", size = 108133, upload-time = "2025-09-11T06:47:50.499Z" },
    { url = "https://files.pythonhosted.org/packages/40/bd/bf4787f57e6b2860f3f1c8c62f045b39fb32d6bac4b53d7a9e66de968440/tree_sitter_python-0.25.0-cp310-abi3-manylinux2014_aarch64.manylinux_2_17_aarch64.manylinux_2_28_aarch64.whl", hash = "sha256:be71650ca2b93b6e9649e5d65c6811aad87a7614c8c1003246b303f6b150f61b", size = 110603, upload-time = "2025-09-11T06:47:51.985Z" },
    { url = "https://files.pythonhosted.org/packages/5d/25/feff09f5c2f32484fbce15db8b49455c7572346ce61a699a41972dea7318/tree_sitter_python-0.25.0-cp310-abi3-musllinux_1_2_aarch64.whl", hash = "sha256:e6d5b5799628cc0f24691ab2a172a8e676f668fe90dc60468bee14084a35c16d", size = 108998, upload-time = "2025-09-11T06:47:53.046Z" },
    { url = "https://files.pythonhosted.org/packages/75/69/4946da3d6c0df316ccb938316ce007fb565d08f89d02d854f2d308f0309f/tree_sitter_python-0.25.0-cp310-abi3-musllinux_1_2_x86_64.whl", hash = "sha256:71959832fc5d9642e52c11f2f7d79ae520b461e63334927e93ca46cd61cd9683", size = 107268, upload-time = "2025-09-11T06:47:54.388Z" },
    { url = "https://files.pythonhosted.org/packages/ed/a2/996fc2dfa1076dc460d3e2f3c75974ea4b8f02f6bc925383aaae519920e8/tree_sitter_python-0.25.0-cp310-abi3-win_amd64.whl", hash = "sha256:9bcde33f18792de54ee579b00e1b4fe186b7926825444766f849bf7181793a76", size = 76073, upload-time = "2025-09-11T06:47:55.773Z" },
    { url = "https://files.pythonhosted.org/packages/07/19/4b5569d9b1ebebb5907d11554a96ef3fa09364a30fcfabeff587495b512f/tree_sitter_python-0.25.0-cp310-abi3-win_arm64.whl", hash = "sha256:0fbf6a3774ad7e89ee891851204c2e2c47e12b63a5edbe2e9156997731c128bb", size = 74169, upload-time = "2025-09-11T06:47:56.747Z" },
]

[[package]]
name = "tree-sitter-swift"
version = "0.0.1"
source = { registry = "https://pypi.org/simple" }
sdist = { url = "https://files.pythonhosted.org/packages/37/f7/35337caea29e24bb2f55d0499db53bcb879ff0eb2011e1fa567d5edab4b7/tree_sitter_swift-0.0.1.tar.gz", hash = "sha256:d43b0baf413ba4b049f92eadc074805cb6403655c905d3af24f12fce1c9f561b", size = 914654, upload-time = "2025-06-30T05:49:24.642Z" }
wheels = [
    { url = "https://files.pythonhosted.org/packages/f0/f2/2e24418b486303b3ce5c6f5eef8eaa9ca2800151c02bb91e8b1da1650601/tree_sitter_swift-0.0.1-cp38-abi3-macosx_10_9_x86_64.whl", hash = "sha256:45d8d61c3dc9b72ec721ed93e5920d24f87bd6350298bc7c4edc261066cda745", size = 326139, upload-time = "2025-06-30T05:49:16.878Z" },
    { url = "https://files.pythonhosted.org/packages/87/e0/811e80c9f68d49dbec2131b98fe3ba61d3e8d22f175885a9dd272bf5873c/tree_sitter_swift-0.0.1-cp38-abi3-macosx_11_0_arm64.whl", hash = "sha256:c669e830cfeec55d326c79478e25465e1b61207fdb9d5459533fd5f735051d20", size = 347863, upload-time = "2025-06-30T05:49:18.26Z" },
    { url = "https://files.pythonhosted.org/packages/6a/f0/6abf3a4524286d6f1397b60715be56f241cd5a3f62c842ad19513c7f3044/tree_sitter_swift-0.0.1-cp38-abi3-manylinux_2_17_aarch64.manylinux2014_aarch64.whl", hash = "sha256:3caac02783238e9c72349bc4a8db11be258666d5ae1856ac54c46ca6086ecfc9", size = 426609, upload-time = "2025-06-30T05:49:19.426Z" },
    { url = "https://files.pythonhosted.org/packages/f7/0c/d77ed1d313c4b2360fd7ffa558be796875f400b7eb09efc3373700ffef34/tree_sitter_swift-0.0.1-cp38-abi3-manylinux_2_5_x86_64.manylinux1_x86_64.manylinux_2_17_x86_64.manylinux2014_x86_64.whl", hash = "sha256:d009e46d9800cf5ca3c585163d04c70660d1383f350dad93d08bf00735d2714b", size = 376564, upload-time = "2025-06-30T05:49:20.623Z" },
    { url = "https://files.pythonhosted.org/packages/46/06/fbe2d9f0de0df3e8515b54d88ef63deaad865d70a8789d80e2cdc87c7452/tree_sitter_swift-0.0.1-cp38-abi3-musllinux_1_2_x86_64.whl", hash = "sha256:f61776dbf4bcb3fd9a852c69a3f61d08abaad4dd22272bf04272f7ed26aa6d75", size = 353064, upload-time = "2025-06-30T05:49:21.554Z" },
    { url = "https://files.pythonhosted.org/packages/5e/b6/3b3a13d28e8ca2cd3a8c48fe2e94beb57314075f5a7881df0f1fc5e3d50e/tree_sitter_swift-0.0.1-cp38-abi3-win_amd64.whl", hash = "sha256:4ca542091e411b2236c862a38e1c1b34323c909f011c122c10747e6010e13693", size = 334094, upload-time = "2025-06-30T05:49:22.803Z" },
    { url = "https://files.pythonhosted.org/packages/ee/d3/3dd83cc13e55282f25d44a19069dd31f19131e14b5619cd52a870151d4bb/tree_sitter_swift-0.0.1-cp38-abi3-win_arm64.whl", hash = "sha256:ce3add5c7156e2e5329e675e7ac6a3389cb1e9ebff18c9248538e54fc738390d", size = 329505, upload-time = "2025-06-30T05:49:23.714Z" },
]

[[package]]
name = "tree-sitter-typescript"
version = "0.23.2"
source = { registry = "https://pypi.org/simple" }
sdist = { url = "https://files.pythonhosted.org/packages/1e/fc/bb52958f7e399250aee093751e9373a6311cadbe76b6e0d109b853757f35/tree_sitter_typescript-0.23.2.tar.gz", hash = "sha256:7b167b5827c882261cb7a50dfa0fb567975f9b315e87ed87ad0a0a3aedb3834d", size = 773053, upload-time = "2024-11-11T02:36:11.396Z" }
wheels = [
    { url = "https://files.pythonhosted.org/packages/28/95/4c00680866280e008e81dd621fd4d3f54aa3dad1b76b857a19da1b2cc426/tree_sitter_typescript-0.23.2-cp39-abi3-macosx_10_9_x86_64.whl", hash = "sha256:3cd752d70d8e5371fdac6a9a4df9d8924b63b6998d268586f7d374c9fba2a478", size = 286677, upload-time = "2024-11-11T02:35:58.839Z" },
    { url = "https://files.pythonhosted.org/packages/8f/2f/1f36fda564518d84593f2740d5905ac127d590baf5c5753cef2a88a89c15/tree_sitter_typescript-0.23.2-cp39-abi3-macosx_11_0_arm64.whl", hash = "sha256:c7cc1b0ff5d91bac863b0e38b1578d5505e718156c9db577c8baea2557f66de8", size = 302008, upload-time = "2024-11-11T02:36:00.733Z" },
    { url = "https://files.pythonhosted.org/packages/96/2d/975c2dad292aa9994f982eb0b69cc6fda0223e4b6c4ea714550477d8ec3a/tree_sitter_typescript-0.23.2-cp39-abi3-manylinux_2_17_aarch64.manylinux2014_aarch64.whl", hash = "sha256:4b1eed5b0b3a8134e86126b00b743d667ec27c63fc9de1b7bb23168803879e31", size = 351987, upload-time = "2024-11-11T02:36:02.669Z" },
    { url = "https://files.pythonhosted.org/packages/49/d1/a71c36da6e2b8a4ed5e2970819b86ef13ba77ac40d9e333cb17df6a2c5db/tree_sitter_typescript-0.23.2-cp39-abi3-manylinux_2_5_x86_64.manylinux1_x86_64.manylinux_2_17_x86_64.manylinux2014_x86_64.whl", hash = "sha256:e96d36b85bcacdeb8ff5c2618d75593ef12ebaf1b4eace3477e2bdb2abb1752c", size = 344960, upload-time = "2024-11-11T02:36:04.443Z" },
    { url = "https://files.pythonhosted.org/packages/7f/cb/f57b149d7beed1a85b8266d0c60ebe4c46e79c9ba56bc17b898e17daf88e/tree_sitter_typescript-0.23.2-cp39-abi3-musllinux_1_2_x86_64.whl", hash = "sha256:8d4f0f9bcb61ad7b7509d49a1565ff2cc363863644a234e1e0fe10960e55aea0", size = 340245, upload-time = "2024-11-11T02:36:06.473Z" },
    { url = "https://files.pythonhosted.org/packages/8b/ab/dd84f0e2337296a5f09749f7b5483215d75c8fa9e33738522e5ed81f7254/tree_sitter_typescript-0.23.2-cp39-abi3-win_amd64.whl", hash = "sha256:3f730b66396bc3e11811e4465c41ee45d9e9edd6de355a58bbbc49fa770da8f9", size = 278015, upload-time = "2024-11-11T02:36:07.631Z" },
    { url = "https://files.pythonhosted.org/packages/9f/e4/81f9a935789233cf412a0ed5fe04c883841d2c8fb0b7e075958a35c65032/tree_sitter_typescript-0.23.2-cp39-abi3-win_arm64.whl", hash = "sha256:05db58f70b95ef0ea126db5560f3775692f609589ed6f8dd0af84b7f19f1cbb7", size = 274052, upload-time = "2024-11-11T02:36:09.514Z" },
]
